PODS:
  - AFNetworking (4.0.1):
    - AFNetworking/NSURLSession (= 4.0.1)
    - AFNetworking/Reachability (= 4.0.1)
    - AFNetworking/Security (= 4.0.1)
    - AFNetworking/Serialization (= 4.0.1)
    - AFNetworking/UIKit (= 4.0.1)
  - AFNetworking/NSURLSession (4.0.1):
    - AFNetworking/Reachability
    - AFNetworking/Security
    - AFNetworking/Serialization
  - AFNetworking/Reachability (4.0.1)
  - AFNetworking/Security (4.0.1)
  - AFNetworking/Serialization (4.0.1)
  - AFNetworking/UIKit (4.0.1):
    - AFNetworking/NSURLSession
  - DTCoreText (1.6.23):
    - DTCoreText/Core (= 1.6.23)
    - DTFoundation/Core (~> 1.7.5)
    - DTFoundation/DTAnimatedGIF (~> 1.7.5)
    - DTFoundation/DTHTMLParser (~> 1.7.5)
    - DTFoundation/UIKit (~> 1.7.5)
  - DTCoreText/Core (1.6.23):
    - DTFoundation/Core (~> 1.7.5)
    - DTFoundation/DTAnimatedGIF (~> 1.7.5)
    - DTFoundation/DTHTMLParser (~> 1.7.5)
    - DTFoundation/UIKit (~> 1.7.5)
  - DTFoundation (1.7.14):
    - DTFoundation/AppKit (= 1.7.14)
    - DTFoundation/Core (= 1.7.14)
    - DTFoundation/Debug (= 1.7.14)
    - DTFoundation/DTAnimatedGIF (= 1.7.14)
    - DTFoundation/DTASN1 (= 1.7.14)
    - DTFoundation/DTAsyncFileDeleter (= 1.7.14)
    - DTFoundation/DTAWS (= 1.7.14)
    - DTFoundation/DTHTMLParser (= 1.7.14)
    - DTFoundation/DTProgressHUD (= 1.7.14)
    - DTFoundation/DTReachability (= 1.7.14)
    - DTFoundation/DTScripting (= 1.7.14)
    - DTFoundation/DTSidePanel (= 1.7.14)
    - DTFoundation/DTSQLite (= 1.7.14)
    - DTFoundation/DTUTI (= 1.7.14)
    - DTFoundation/DTZipArchive (= 1.7.14)
    - DTFoundation/Runtime (= 1.7.14)
    - DTFoundation/UIKit (= 1.7.14)
    - DTFoundation/UIKit_BlocksAdditions (= 1.7.14)
  - DTFoundation/Core (1.7.14)
  - DTFoundation/Debug (1.7.14):
    - DTFoundation/Core
    - DTFoundation/Runtime
  - DTFoundation/DTAnimatedGIF (1.7.14)
  - DTFoundation/DTASN1 (1.7.14):
    - DTFoundation/Core
  - DTFoundation/DTAsyncFileDeleter (1.7.14):
    - DTFoundation/Core
  - DTFoundation/DTAWS (1.7.14):
    - DTFoundation/Core
  - DTFoundation/DTHTMLParser (1.7.14):
    - DTFoundation/Core
  - DTFoundation/DTProgressHUD (1.7.14):
    - DTFoundation/Core
    - DTFoundation/UIKit
  - DTFoundation/DTReachability (1.7.14):
    - DTFoundation/Core
  - DTFoundation/DTScripting (1.7.14):
    - DTFoundation/Core
  - DTFoundation/DTSidePanel (1.7.14):
    - DTFoundation/UIKit
  - DTFoundation/DTSQLite (1.7.14):
    - DTFoundation/Core
  - DTFoundation/DTUTI (1.7.14)
  - DTFoundation/DTZipArchive (1.7.14):
    - DTFoundation/DTZipArchive/Minizip (= 1.7.14)
  - DTFoundation/DTZipArchive/Minizip (1.7.14)
  - DTFoundation/Runtime (1.7.14)
  - DTFoundation/UIKit (1.7.14):
    - DTFoundation/Core
  - DTFoundation/UIKit_BlocksAdditions (1.7.14):
    - DTFoundation/Core
  - FLAnimatedImage (1.0.12)
  - FMDB (2.7.5):
    - FMDB/standard (= 2.7.5)
  - FMDB/standard (2.7.5)
  - IQKeyboardManager (6.5.5)
  - LYEmptyView (1.3.1)
  - Masonry (1.1.0)
  - MBProgressHUD (1.2.0)
  - MJRefresh (3.4.3)
  - mob_sharesdk (4.3.9):
    - mob_sharesdk/ShareSDK (= 4.3.9)
    - MOBFoundation (>= 3.2.9)
  - mob_sharesdk/ShareSDK (4.3.9):
    - MOBFoundation (>= 3.2.9)
  - mob_sharesdk/ShareSDKExtension (4.3.9):
    - mob_sharesdk/ShareSDK
    - MOBFoundation (>= 3.2.9)
  - mob_sharesdk/ShareSDKPlatforms/QQ (4.3.9):
    - mob_sharesdk/ShareSDK
    - MOBFoundation (>= 3.2.9)
  - mob_sharesdk/ShareSDKPlatforms/SinaWeibo (4.3.9):
    - mob_sharesdk/ShareSDK
    - MOBFoundation (>= 3.2.9)
  - mob_sharesdk/ShareSDKPlatforms/WeChat (4.3.9):
    - mob_sharesdk/ShareSDK
    - MOBFoundation (>= 3.2.9)
  - mob_sharesdk/ShareSDKUI (4.3.9):
    - mob_sharesdk/ShareSDK
    - MOBFoundation (>= 3.2.9)
  - MOBFoundation (3.2.17)
  - PYSearch (0.9.1)
  - SDWebImage (5.8.2):
    - SDWebImage/Core (= 5.8.2)
  - SDWebImage/Core (5.8.2)
  - TABAnimated (2.4.3)
  - TYSnapshotScroll (0.2.1)
  - TZImagePickerController (3.3.2)
  - WebViewJavascriptBridge (6.0.3)
  - XHLaunchAd (3.9.12):
    - FLAnimatedImage (~> 1.0.12)
  - YBImageBrowser (3.0.9):
    - YBImageBrowser/Core (= 3.0.9)
  - YBImageBrowser/Core (3.0.9):
    - SDWebImage (>= 5.0.0)
    - YYImage
  - YYCache (1.0.4)
  - YYCategories (1.0.4):
    - YYCategories/no-arc (= 1.0.4)
  - YYCategories/no-arc (1.0.4)
  - YYImage (1.0.4):
    - YYImage/Core (= 1.0.4)
  - YYImage/Core (1.0.4)
  - YYModel (1.0.4)
  - YYText (1.0.7)
  - YYWebImage (1.0.5):
    - YYCache
    - YYImage
  - ZFPlayer (3.3.3):
    - ZFPlayer/Core (= 3.3.3)
  - ZFPlayer/AVPlayer (3.3.3):
    - ZFPlayer/Core
  - ZFPlayer/ControlView (3.3.3):
    - ZFPlayer/Core
  - ZFPlayer/Core (3.3.3)
  - ZXPAutoLayout (2.0.1)

DEPENDENCIES:
  - AFNetworking
  - DTCoreText
  - DTFoundation
  - FMDB
  - IQKeyboardManager
  - LYEmptyView
  - Masonry
  - MBProgressHUD
  - MJRefresh
  - mob_sharesdk
  - mob_sharesdk/ShareSDKExtension
  - mob_sharesdk/ShareSDKPlatforms/QQ
  - mob_sharesdk/ShareSDKPlatforms/SinaWeibo
  - mob_sharesdk/ShareSDKPlatforms/WeChat
  - mob_sharesdk/ShareSDKUI
  - PYSearch
  - SDWebImage
  - TABAnimated
  - TYSnapshotScroll
  - TZImagePickerController
  - WebViewJavascriptBridge
  - XHLaunchAd
  - YBImageBrowser
  - YYCategories
  - YYModel
  - YYText
  - YYWebImage
  - ZFPlayer
  - ZFPlayer/AVPlayer
  - ZFPlayer/ControlView
  - ZXPAutoLayout

SPEC REPOS:
  https://mirrors.tuna.tsinghua.edu.cn/git/CocoaPods/Specs.git:
    - AFNetworking
    - DTCoreText
    - DTFoundation
    - FLAnimatedImage
    - FMDB
    - IQKeyboardManager
    - LYEmptyView
    - Masonry
    - MBProgressHUD
    - MJRefresh
    - mob_sharesdk
    - MOBFoundation
    - PYSearch
    - SDWebImage
    - TABAnimated
    - TYSnapshotScroll
    - TZImagePickerController
    - WebViewJavascriptBridge
    - XHLaunchAd
    - YBImageBrowser
    - YYCache
    - YYCategories
    - YYImage
    - YYModel
    - YYText
    - YYWebImage
    - ZFPlayer
    - ZXPAutoLayout

SPEC CHECKSUMS:
  AFNetworking: 7864c38297c79aaca1500c33288e429c3451fdce
  DTCoreText: 67023bb51b26711d5f640c851f4845aea14c24c9
  DTFoundation: 25aa19bb7c6e225b1dfae195604fb8cf1da0ab4c
  FLAnimatedImage: 4a0b56255d9b05f18b6dd7ee06871be5d3b89e31
  FMDB: 2ce00b547f966261cd18927a3ddb07cb6f3db82a
  IQKeyboardManager: 3a8b9e603f8b0eeaf5f096a1f2b2cfcf121992ef
  LYEmptyView: b6d418cfa38b78df0cf243f9a9c25ccbdc399922
  Masonry: 678fab65091a9290e40e2832a55e7ab731aad201
  MBProgressHUD: 3ee5efcc380f6a79a7cc9b363dd669c5e1ae7406
  MJRefresh: 53e3e3219f204425ee6d3e62e8733d3295944cd6
  mob_sharesdk: ce760a34f154bad7a586ec5e7c9d6dd423aa084c
  MOBFoundation: 37e2c100051fd710976b1f8d00643d28f31fcaca
  PYSearch: 76dee18eea3309b60921a5d6a69390a63a5dda15
  SDWebImage: f923a89d7344af399ba77b87a523ae747408207a
  TABAnimated: dddca3370c9f14bcee715112cf4531409c2c33dd
  TYSnapshotScroll: 13ea2da7d5c3be5240779324bba117ae85c4859a
  TZImagePickerController: 36ca728ec681228918aa82e993aaab1962281b72
  WebViewJavascriptBridge: 7f5bc4d3581e672e8f32bd0f812d54bc69bb8e29
  XHLaunchAd: 6320f9c68732667323072fc3a5f104e40fbe9cfe
  YBImageBrowser: 7ecc8bf33ffa5f3b94c397c29b4f3638dd37f527
  YYCache: 8105b6638f5e849296c71f331ff83891a4942952
  YYCategories: 6bcd4314c6661a561410dce4a793379ebd306abd
  YYImage: 1e1b62a9997399593e4b9c4ecfbbabbf1d3f3b54
  YYModel: 2a7fdd96aaa4b86a824e26d0c517de8928c04b30
  YYText: 5c461d709e24d55a182d1441c41dc639a18a4849
  YYWebImage: 5f7f36aee2ae293f016d418c7d6ba05c4863e928
  ZFPlayer: 1310252c253b9958e4fcd411e706b99c31834eaf
  ZXPAutoLayout: 04094766499e62a79ac9a66966b5da115e52535d

PODFILE CHECKSUM: 5876dd9f4a251de41da5847aa14ad5ccb9833758

COCOAPODS: 1.9.3
